
Microsoft Visual Studio Solution File, Format Version 12.00
# Visual Studio Version 17
VisualStudioVersion = 17.4.33213.308
MinimumVisualStudioVersion = 10.0.40219.1
Project("{FAE04EC0-301F-11D3-BF4B-00C04F79EFBC}") = "FantasyCLI.Player", "FantasyCLI.Player\FantasyCLI.Player.csproj", "{F5EF0914-286B-4B07-9119-E827B3DA609E}"
EndProject
Project("{FAE04EC0-301F-11D3-BF4B-00C04F79EFBC}") = "FantasyCLI.Editor", "FantasyCLI.Editor\FantasyCLI.Editor.csproj", "{02D0F324-651F-4023-8CF6-F1B4F7A97CD3}"
EndProject
Project("{FAE04EC0-301F-11D3-BF4B-00C04F79EFBC}") = "FantasyCLI.Core", "FantasyCLI.Core\FantasyCLI.Core.csproj", "{F809B6E5-0AAF-403B-99D7-12EB2290B024}"
EndProject
Global
	GlobalSection(SolutionConfigurationPlatforms) = preSolution
		Debug|Any CPU = Debug|Any CPU
		Release|Any CPU = Release|Any CPU
	EndGlobalSection
	GlobalSection(ProjectConfigurationPlatforms) = postSolution
		{F5EF0914-286B-4B07-9119-E827B3DA609E}.Debug|Any CPU.ActiveCfg = Debug|Any CPU
		{F5EF0914-286B-4B07-9119-E827B3DA609E}.Debug|Any CPU.Build.0 = Debug|Any CPU
		{F5EF0914-286B-4B07-9119-E827B3DA609E}.Release|Any CPU.ActiveCfg = Release|Any CPU
		{F5EF0914-286B-4B07-9119-E827B3DA609E}.Release|Any CPU.Build.0 = Release|Any CPU
		{02D0F324-651F-4023-8CF6-F1B4F7A97CD3}.Debug|Any CPU.ActiveCfg = Debug|Any CPU
		{02D0F324-651F-4023-8CF6-F1B4F7A97CD3}.Debug|Any CPU.Build.0 = Debug|Any CPU
		{02D0F324-651F-4023-8CF6-F1B4F7A97CD3}.Release|Any CPU.ActiveCfg = Release|Any CPU
		{02D0F324-651F-4023-8CF6-F1B4F7A97CD3}.Release|Any CPU.Build.0 = Release|Any CPU
		{F809B6E5-0AAF-403B-99D7-12EB2290B024}.Debug|Any CPU.ActiveCfg = Debug|Any CPU
		{F809B6E5-0AAF-403B-99D7-12EB2290B024}.Debug|Any CPU.Build.0 = Debug|Any CPU
		{F809B6E5-0AAF-403B-99D7-12EB2290B024}.Release|Any CPU.ActiveCfg = Release|Any CPU
		{F809B6E5-0AAF-403B-99D7-12EB2290B024}.Release|Any CPU.Build.0 = Release|Any CPU
	EndGlobalSection
	GlobalSection(SolutionProperties) = preSolution
		HideSolutionNode = FALSE
	EndGlobalSection
	GlobalSection(ExtensibilityGlobals) = postSolution
		SolutionGuid = {4625E6B4-C642-432C-957C-58D9D852932E}
	EndGlobalSection
EndGlobal
